<?xml version="1.0" encoding="utf-8"?>
<Project ToolsVersion="4.0" xmlns="http://schemas.microsoft.com/developer/msbuild/2003">
  <ItemGroup>
    <Filter Include="Source Files">
      <UniqueIdentifier>{4FC737F1-C7A5-4376-A066-2A32D752A2FF}</UniqueIdentifier>
      <Extensions>cpp;c;cc;cxx;def;odl;idl;hpj;bat;asm;asmx</Extensions>
    </Filter>
    <Filter Include="Header Files">
      <UniqueIdentifier>{93995380-89BD-4b04-88EB-625FBE52EBFB}</UniqueIdentifier>
      <Extensions>h;hpp;hxx;hm;inl;inc;xsd</Extensions>
    </Filter>
    <Filter Include="Resource Files">
      <UniqueIdentifier>{67DA6AB6-F800-4c08-8B7A-83BB121AAD01}</UniqueIdentifier>
      <Extensions>rc;ico;cur;bmp;dlg;rc2;rct;bin;rgs;gif;jpg;jpeg;jpe;resx;tiff;tif;png;wav;mfcribbon-ms</Extensions>
    </Filter>
    <Filter Include="Source Files\Actions">
      <UniqueIdentifier>{94aec025-427c-4af6-8673-53fc88c24416}</UniqueIdentifier>
    </Filter>
    <Filter Include="Source Files\Actors">
      <UniqueIdentifier>{135d2792-319c-4d45-93af-6b602814ca30}</UniqueIdentifier>
    </Filter>
    <Filter Include="Header Files\Actors">
      <UniqueIdentifier>{03648210-c7f5-42e6-9faf-c76f0de59839}</UniqueIdentifier>
    </Filter>
    <Filter Include="Header Files\AI">
      <UniqueIdentifier>{7eeb47f0-4490-41e7-80d4-ba1ef0922701}</UniqueIdentifier>
    </Filter>
    <Filter Include="Source Files\AI">
      <UniqueIdentifier>{43bf5831-cd33-4276-9776-d16aaaa0665e}</UniqueIdentifier>
    </Filter>
    <Filter Include="Header Files\Entities">
      <UniqueIdentifier>{7a253999-4b07-4742-8f42-077853b205d7}</UniqueIdentifier>
    </Filter>
    <Filter Include="Source Files\Entities">
      <UniqueIdentifier>{cb7fac45-674d-4179-a0f9-81ce98d8eb90}</UniqueIdentifier>
    </Filter>
    <Filter Include="Source Files\Entities\Items">
      <UniqueIdentifier>{2e7694f8-ebc8-458a-bae2-6be6a7c760e4}</UniqueIdentifier>
    </Filter>
    <Filter Include="Header Files\Entities\Items">
      <UniqueIdentifier>{f9f8d3e8-f0dc-4f1e-8d61-866bc3b2748e}</UniqueIdentifier>
    </Filter>
    <Filter Include="Header Files\Game World">
      <UniqueIdentifier>{614f5747-a5dd-44cb-b82d-7be1f9842b76}</UniqueIdentifier>
    </Filter>
    <Filter Include="Source Files\Game World">
      <UniqueIdentifier>{4a816f25-7b44-470b-940f-c4caa962b70a}</UniqueIdentifier>
    </Filter>
    <Filter Include="Header Files\Actions">
      <UniqueIdentifier>{71f0f169-fa4f-4b8a-b9f9-b00fc4d6f157}</UniqueIdentifier>
    </Filter>
  </ItemGroup>
  <ItemGroup>
    <ClInclude Include="Actions\Action.h">
      <Filter>Header Files\Actions</Filter>
    </ClInclude>
    <ClInclude Include="Actions\Attack.h">
      <Filter>Header Files\Actions</Filter>
    </ClInclude>
    <ClInclude Include="Actions\MeleeAttack.h">
      <Filter>Header Files\Actions</Filter>
    </ClInclude>
    <ClInclude Include="Actions\Move.h">
      <Filter>Header Files\Actions</Filter>
    </ClInclude>
    <ClInclude Include="Actions\Pickup.h">
      <Filter>Header Files\Actions</Filter>
    </ClInclude>
    <ClInclude Include="Actors\Actor.h">
      <Filter>Header Files\Actors</Filter>
    </ClInclude>
    <ClInclude Include="AI\AI.h">
      <Filter>Header Files\AI</Filter>
    </ClInclude>
    <ClInclude Include="Entities\Items\Armor.h">
      <Filter>Header Files\Entities\Items</Filter>
    </ClInclude>
    <ClInclude Include="Entities\Items\Equiptable.h">
      <Filter>Header Files\Entities\Items</Filter>
    </ClInclude>
    <ClInclude Include="Entities\Items\Item.h">
      <Filter>Header Files\Entities\Items</Filter>
    </ClInclude>
    <ClInclude Include="Entities\Material.h">
      <Filter>Header Files\Entities</Filter>
    </ClInclude>
    <ClInclude Include="Entities\Object.h">
      <Filter>Header Files\Entities</Filter>
    </ClInclude>
    <ClInclude Include="Entities\Entity.h">
      <Filter>Header Files\Entities</Filter>
    </ClInclude>
    <ClInclude Include="Entities\Items\Weapon.h">
      <Filter>Header Files\Entities\Items</Filter>
    </ClInclude>
    <ClInclude Include="Game World\Coordinate.h">
      <Filter>Header Files\Game World</Filter>
    </ClInclude>
    <ClInclude Include="Game World\GameMap.h">
      <Filter>Header Files\Game World</Filter>
    </ClInclude>
    <ClInclude Include="Game World\Tile.h">
      <Filter>Header Files\Game World</Filter>
    </ClInclude>
    <ClInclude Include="GlutClass.h">
      <Filter>Header Files</Filter>
    </ClInclude>
    <ClInclude Include="ItemContainer.h">
      <Filter>Header Files</Filter>
    </ClInclude>
    <ClInclude Include="XMLReader.h">
      <Filter>Header Files</Filter>
    </ClInclude>
  </ItemGroup>
  <ItemGroup>
    <ClCompile Include="Actions\Action.cpp">
      <Filter>Source Files\Actions</Filter>
    </ClCompile>
    <ClCompile Include="Actions\Attack.cpp">
      <Filter>Source Files\Actions</Filter>
    </ClCompile>
    <ClCompile Include="Actions\MeleeAttack.cpp">
      <Filter>Source Files\Actions</Filter>
    </ClCompile>
    <ClCompile Include="Actions\Move.cpp">
      <Filter>Source Files\Actions</Filter>
    </ClCompile>
    <ClCompile Include="Actions\Pickup.cpp">
      <Filter>Source Files\Actions</Filter>
    </ClCompile>
    <ClCompile Include="Actors\Actor.cpp">
      <Filter>Source Files\Actors</Filter>
    </ClCompile>
    <ClCompile Include="AI\AI.cpp">
      <Filter>Source Files\AI</Filter>
    </ClCompile>
    <ClCompile Include="Entities\Items\Armor.cpp">
      <Filter>Source Files\Entities\Items</Filter>
    </ClCompile>
    <ClCompile Include="Entities\Items\Equiptable.cpp">
      <Filter>Source Files\Entities\Items</Filter>
    </ClCompile>
    <ClCompile Include="Entities\Items\Item.cpp">
      <Filter>Source Files\Entities\Items</Filter>
    </ClCompile>
    <ClCompile Include="Entities\Items\Weapon.cpp">
      <Filter>Source Files\Entities\Items</Filter>
    </ClCompile>
    <ClCompile Include="Entities\Entity.cpp">
      <Filter>Source Files\Entities</Filter>
    </ClCompile>
    <ClCompile Include="Entities\Material.cpp">
      <Filter>Source Files\Entities</Filter>
    </ClCompile>
    <ClCompile Include="Game World\Coordinate.cpp">
      <Filter>Source Files\Game World</Filter>
    </ClCompile>
    <ClCompile Include="Game World\GameMap.cpp">
      <Filter>Source Files\Game World</Filter>
    </ClCompile>
    <ClCompile Include="Game World\Tile.cpp">
      <Filter>Source Files\Game World</Filter>
    </ClCompile>
    <ClCompile Include="GlutClass.cpp">
      <Filter>Source Files</Filter>
    </ClCompile>
    <ClCompile Include="ItemContainer.cpp">
      <Filter>Source Files</Filter>
    </ClCompile>
    <ClCompile Include="XMLReader.cpp">
      <Filter>Source Files</Filter>
    </ClCompile>
    <ClCompile Include="main.cpp">
      <Filter>Source Files</Filter>
    </ClCompile>
  </ItemGroup>
  <ItemGroup>
    <Xml Include="Items.xml">
      <Filter>Resource Files</Filter>
    </Xml>
  </ItemGroup>
  <ItemGroup>
    <None Include="MATERIALS.csv">
      <Filter>Resource Files</Filter>
    </None>
  </ItemGroup>
</Project>